
Microsoft Visual Studio Solution File, Format Version 12.00
# Visual Studio Version 17
VisualStudioVersion = 17.8.34322.80
MinimumVisualStudioVersion = 10.0.40219.1
Project("{FAE04EC0-301F-11D3-BF4B-00C04F79EFBC}") = "SuperBancoConsoleApp", "SuperBancoConsoleApp\SuperBancoConsoleApp.csproj", "{802753EF-D88E-4D68-A056-0A954E13B6E9}"
EndProject
Global
	GlobalSection(SolutionConfigurationPlatforms) = preSolution
		Debug|Any CPU = Debug|Any CPU
		Release|Any CPU = Release|Any CPU
	EndGlobalSection
	GlobalSection(ProjectConfigurationPlatforms) = postSolution
		{802753EF-D88E-4D68-A056-0A954E13B6E9}.Debug|Any CPU.ActiveCfg = Debug|Any CPU
		{802753EF-D88E-4D68-A056-0A954E13B6E9}.Debug|Any CPU.Build.0 = Debug|Any CPU
		{802753EF-D88E-4D68-A056-0A954E13B6E9}.Release|Any CPU.ActiveCfg = Release|Any CPU
		{802753EF-D88E-4D68-A056-0A954E13B6E9}.Release|Any CPU.Build.0 = Release|Any CPU
	EndGlobalSection
	GlobalSection(SolutionProperties) = preSolution
		HideSolutionNode = FALSE
	EndGlobalSection
	GlobalSection(ExtensibilityGlobals) = postSolution
		SolutionGuid = {2356FC5E-AD38-4175-AB1A-EAF2BE8CF38F}
	EndGlobalSection
EndGlobal
